// !$*UTF8*$!
{
	archiveVersion = 1;
	classes = {
	};
	objectVersion = 77;
	objects = {

/* Begin PBXBuildFile section */
		1A04E613009FA367C20BDCE5 /* PrayerDisplay.swift in Sources */ = {isa = PBXBuildFile; fileRef = 670514CB6F9A9F6E9B59C3C7 /* PrayerDisplay.swift */; };
		1FC3891D74B6D61BEE29EC56 /* PrayerTimesLocal.swift in Sources */ = {isa = PBXBuildFile; fileRef = 92E3568563782C93239A773B /* PrayerTimesLocal.swift */; };
		28A52E54D9DC6B015BCC6058 /* PrayerTimesCalculator.swift in Sources */ = {isa = PBXBuildFile; fileRef = 98801591F0638FBE8948A3B2 /* PrayerTimesCalculator.swift */; };
		47AED387E8CCD76A0605B2EA /* PrayerTimesLocal.swift in Sources */ = {isa = PBXBuildFile; fileRef = 92E3568563782C93239A773B /* PrayerTimesLocal.swift */; };
		4A2E9B6719E7EC2B218A8D70 /* Assets.xcassets in Resources */ = {isa = PBXBuildFile; fileRef = 74ABCF9829FF0CB2F36B95D4 /* Assets.xcassets */; };
		5406E8DED7CF8BF67FBEF034 /* PrayerTimesCalculator.swift in Sources */ = {isa = PBXBuildFile; fileRef = 98801591F0638FBE8948A3B2 /* PrayerTimesCalculator.swift */; };
		544F9EC0F0E92A2F87E7F9C2 /* BrandTheme.swift in Sources */ = {isa = PBXBuildFile; fileRef = 7335A0AAD1CE72E0A518EA03 /* BrandTheme.swift */; };
		8763B66C56BA2B973436AECD /* BrandTheme.swift in Sources */ = {isa = PBXBuildFile; fileRef = 7335A0AAD1CE72E0A518EA03 /* BrandTheme.swift */; };
		927A379C19A74A6276A0EA53 /* PrayBHWidgetExtension.appex in Embed Foundation Extensions */ = {isa = PBXBuildFile; fileRef = 8224F03C6F0042675BE69C3F /* PrayBHWidgetExtension.appex */; settings = {ATTRIBUTES = (RemoveHeadersOnCopy, ); }; };
		96B0E6133F17B4CF978C956C /* PrayerDisplay.swift in Sources */ = {isa = PBXBuildFile; fileRef = 670514CB6F9A9F6E9B59C3C7 /* PrayerDisplay.swift */; };
		CD362264BA14E5044536C687 /* PrayBHWidget.swift in Sources */ = {isa = PBXBuildFile; fileRef = BF8AD55E5421E313325B9348 /* PrayBHWidget.swift */; };
		F42C16B37ADEA2EE4F6FF565 /* PrayBHApp.swift in Sources */ = {isa = PBXBuildFile; fileRef = 669EC81997331EEB946D7F2C /* PrayBHApp.swift */; };
/* End PBXBuildFile section */

/* Begin PBXContainerItemProxy section */
		B4507D8B72F07787B2867A4E /* PBXContainerItemProxy */ = {
			isa = PBXContainerItemProxy;
			containerPortal = 9897C5F4B35BF00F77742989 /* Project object */;
			proxyType = 1;
			remoteGlobalIDString = 7E716FABC01255C321E7F839;
			remoteInfo = PrayBHWidgetExtension;
		};
/* End PBXContainerItemProxy section */

/* Begin PBXCopyFilesBuildPhase section */
		AE6410097CEF5DA6E6CA5C26 /* Embed Foundation Extensions */ = {
			isa = PBXCopyFilesBuildPhase;
			buildActionMask = 2147483647;
			dstPath = "";
			dstSubfolderSpec = 13;
			files = (
				927A379C19A74A6276A0EA53 /* PrayBHWidgetExtension.appex in Embed Foundation Extensions */,
			);
			name = "Embed Foundation Extensions";
			runOnlyForDeploymentPostprocessing = 0;
		};
/* End PBXCopyFilesBuildPhase section */

/* Begin PBXFileReference section */
		1479BF0FBFA9C695816C6270 /* Info.plist */ = {isa = PBXFileReference; lastKnownFileType = text.plist; path = Info.plist; sourceTree = "<group>"; };
		28EE761BE2C67F3A00060CD5 /* Info.plist */ = {isa = PBXFileReference; lastKnownFileType = text.plist; path = Info.plist; sourceTree = "<group>"; };
		4AD7E46FA9CC14848FEC9227 /* PrayBH.app */ = {isa = PBXFileReference; includeInIndex = 0; lastKnownFileType = wrapper.application; path = PrayBH.app; sourceTree = BUILT_PRODUCTS_DIR; };
		669EC81997331EEB946D7F2C /* PrayBHApp.swift */ = {isa = PBXFileReference; lastKnownFileType = sourcecode.swift; path = PrayBHApp.swift; sourceTree = "<group>"; };
		670514CB6F9A9F6E9B59C3C7 /* PrayerDisplay.swift */ = {isa = PBXFileReference; lastKnownFileType = sourcecode.swift; path = PrayerDisplay.swift; sourceTree = "<group>"; };
		7335A0AAD1CE72E0A518EA03 /* BrandTheme.swift */ = {isa = PBXFileReference; lastKnownFileType = sourcecode.swift; path = BrandTheme.swift; sourceTree = "<group>"; };
		74ABCF9829FF0CB2F36B95D4 /* Assets.xcassets */ = {isa = PBXFileReference; lastKnownFileType = folder.assetcatalog; path = Assets.xcassets; sourceTree = "<group>"; };
		8224F03C6F0042675BE69C3F /* PrayBHWidgetExtension.appex */ = {isa = PBXFileReference; includeInIndex = 0; lastKnownFileType = "wrapper.app-extension"; path = PrayBHWidgetExtension.appex; sourceTree = BUILT_PRODUCTS_DIR; };
		92E3568563782C93239A773B /* PrayerTimesLocal.swift */ = {isa = PBXFileReference; lastKnownFileType = sourcecode.swift; path = PrayerTimesLocal.swift; sourceTree = "<group>"; };
		98801591F0638FBE8948A3B2 /* PrayerTimesCalculator.swift */ = {isa = PBXFileReference; lastKnownFileType = sourcecode.swift; path = PrayerTimesCalculator.swift; sourceTree = "<group>"; };
		BF8AD55E5421E313325B9348 /* PrayBHWidget.swift */ = {isa = PBXFileReference; lastKnownFileType = sourcecode.swift; path = PrayBHWidget.swift; sourceTree = "<group>"; };
/* End PBXFileReference section */

/* Begin PBXGroup section */
		299C2FE9057B78C37009E7AE /* PrayBHWidget */ = {
			isa = PBXGroup;
			children = (
				1479BF0FBFA9C695816C6270 /* Info.plist */,
				BF8AD55E5421E313325B9348 /* PrayBHWidget.swift */,
			);
			path = PrayBHWidget;
			sourceTree = "<group>";
		};
		338BF2036C91F9E5AECC08D2 = {
			isa = PBXGroup;
			children = (
				D69B78B1DF49117190C327C4 /* PrayBHApp */,
				299C2FE9057B78C37009E7AE /* PrayBHWidget */,
				DCE5D2F847F198860D23DBA9 /* Shared */,
				50A4B95F86F755A952D55754 /* Products */,
			);
			sourceTree = "<group>";
		};
		50A4B95F86F755A952D55754 /* Products */ = {
			isa = PBXGroup;
			children = (
				4AD7E46FA9CC14848FEC9227 /* PrayBH.app */,
				8224F03C6F0042675BE69C3F /* PrayBHWidgetExtension.appex */,
			);
			name = Products;
			sourceTree = "<group>";
		};
		D69B78B1DF49117190C327C4 /* PrayBHApp */ = {
			isa = PBXGroup;
			children = (
				74ABCF9829FF0CB2F36B95D4 /* Assets.xcassets */,
				28EE761BE2C67F3A00060CD5 /* Info.plist */,
				669EC81997331EEB946D7F2C /* PrayBHApp.swift */,
			);
			path = PrayBHApp;
			sourceTree = "<group>";
		};
		DCE5D2F847F198860D23DBA9 /* Shared */ = {
			isa = PBXGroup;
			children = (
				7335A0AAD1CE72E0A518EA03 /* BrandTheme.swift */,
				670514CB6F9A9F6E9B59C3C7 /* PrayerDisplay.swift */,
				98801591F0638FBE8948A3B2 /* PrayerTimesCalculator.swift */,
				92E3568563782C93239A773B /* PrayerTimesLocal.swift */,
			);
			path = Shared;
			sourceTree = "<group>";
		};
/* End PBXGroup section */

/* Begin PBXNativeTarget section */
		7E716FABC01255C321E7F839 /* PrayBHWidgetExtension */ = {
			isa = PBXNativeTarget;
			buildConfigurationList = 2C826C16171333E44AE3989B /* Build configuration list for PBXNativeTarget "PrayBHWidgetExtension" */;
			buildPhases = (
				1AE8726B8B0D9C63972378E6 /* Sources */,
			);
			buildRules = (
			);
			dependencies = (
			);
			name = PrayBHWidgetExtension;
			packageProductDependencies = (
			);
			productName = PrayBHWidgetExtension;
			productReference = 8224F03C6F0042675BE69C3F /* PrayBHWidgetExtension.appex */;
			productType = "com.apple.product-type.app-extension";
		};
		AD1B607B4B8D9DE5BFF5AD7E /* PrayBH */ = {
			isa = PBXNativeTarget;
			buildConfigurationList = 8EB867B97914C146A2D6F864 /* Build configuration list for PBXNativeTarget "PrayBH" */;
			buildPhases = (
				A6E9CE67710531B778587B2A /* Sources */,
				DF05E1FA47BD513929BFB998 /* Resources */,
				AE6410097CEF5DA6E6CA5C26 /* Embed Foundation Extensions */,
			);
			buildRules = (
			);
			dependencies = (
				CD7C1F711006C10956C98EA4 /* PBXTargetDependency */,
			);
			name = PrayBH;
			packageProductDependencies = (
			);
			productName = PrayBH;
			productReference = 4AD7E46FA9CC14848FEC9227 /* PrayBH.app */;
			productType = "com.apple.product-type.application";
		};
/* End PBXNativeTarget section */

/* Begin PBXProject section */
		9897C5F4B35BF00F77742989 /* Project object */ = {
			isa = PBXProject;
			attributes = {
				BuildIndependentTargetsInParallel = YES;
				LastUpgradeCheck = 1430;
				TargetAttributes = {
					7E716FABC01255C321E7F839 = {
						DevelopmentTeam = 88M2R3XJZH;
						ProvisioningStyle = Automatic;
					};
					AD1B607B4B8D9DE5BFF5AD7E = {
						DevelopmentTeam = 88M2R3XJZH;
						ProvisioningStyle = Automatic;
					};
				};
			};
			buildConfigurationList = 00ECC27300146CB9707FB109 /* Build configuration list for PBXProject "PrayBH" */;
			developmentRegion = en;
			hasScannedForEncodings = 0;
			knownRegions = (
				Base,
				en,
			);
			mainGroup = 338BF2036C91F9E5AECC08D2;
			minimizedProjectReferenceProxies = 1;
			preferredProjectObjectVersion = 77;
			productRefGroup = 50A4B95F86F755A952D55754 /* Products */;
			projectDirPath = "";
			projectRoot = "";
			targets = (
				AD1B607B4B8D9DE5BFF5AD7E /* PrayBH */,
				7E716FABC01255C321E7F839 /* PrayBHWidgetExtension */,
			);
		};
/* End PBXProject section */

/* Begin PBXResourcesBuildPhase section */
		DF05E1FA47BD513929BFB998 /* Resources */ = {
			isa = PBXResourcesBuildPhase;
			buildActionMask = 2147483647;
			files = (
				4A2E9B6719E7EC2B218A8D70 /* Assets.xcassets in Resources */,
			);
			runOnlyForDeploymentPostprocessing = 0;
		};
/* End PBXResourcesBuildPhase section */

/* Begin PBXSourcesBuildPhase section */
		1AE8726B8B0D9C63972378E6 /* Sources */ = {
			isa = PBXSourcesBuildPhase;
			buildActionMask = 2147483647;
			files = (
				544F9EC0F0E92A2F87E7F9C2 /* BrandTheme.swift in Sources */,
				CD362264BA14E5044536C687 /* PrayBHWidget.swift in Sources */,
				1A04E613009FA367C20BDCE5 /* PrayerDisplay.swift in Sources */,
				5406E8DED7CF8BF67FBEF034 /* PrayerTimesCalculator.swift in Sources */,
				1FC3891D74B6D61BEE29EC56 /* PrayerTimesLocal.swift in Sources */,
			);
			runOnlyForDeploymentPostprocessing = 0;
		};
		A6E9CE67710531B778587B2A /* Sources */ = {
			isa = PBXSourcesBuildPhase;
			buildActionMask = 2147483647;
			files = (
				8763B66C56BA2B973436AECD /* BrandTheme.swift in Sources */,
				F42C16B37ADEA2EE4F6FF565 /* PrayBHApp.swift in Sources */,
				96B0E6133F17B4CF978C956C /* PrayerDisplay.swift in Sources */,
				28A52E54D9DC6B015BCC6058 /* PrayerTimesCalculator.swift in Sources */,
				47AED387E8CCD76A0605B2EA /* PrayerTimesLocal.swift in Sources */,
			);
			runOnlyForDeploymentPostprocessing = 0;
		};
/* End PBXSourcesBuildPhase section */

/* Begin PBXTargetDependency section */
		CD7C1F711006C10956C98EA4 /* PBXTargetDependency */ = {
			isa = PBXTargetDependency;
			target = 7E716FABC01255C321E7F839 /* PrayBHWidgetExtension */;
			targetProxy = B4507D8B72F07787B2867A4E /* PBXContainerItemProxy */;
		};
/* End PBXTargetDependency section */

/* Begin XCBuildConfiguration section */
		0A168E08F9DB31CB3A7547DB /* Debug */ = {
			isa = XCBuildConfiguration;
			buildSettings = {
				INFOPLIST_FILE = PrayBHWidget/Info.plist;
				LD_RUNPATH_SEARCH_PATHS = (
					"$(inherited)",
					"@executable_path/Frameworks",
					"@executable_path/../../Frameworks",
				);
				PRODUCT_BUNDLE_IDENTIFIER = bh.pray.app.widget;
				SDKROOT = iphoneos;
				SKIP_INSTALL = YES;
				TARGETED_DEVICE_FAMILY = "1,2";
			};
			name = Debug;
		};
		3F5B2950F80AFD645C021773 /* Release */ = {
			isa = XCBuildConfiguration;
			buildSettings = {
				INFOPLIST_FILE = PrayBHWidget/Info.plist;
				LD_RUNPATH_SEARCH_PATHS = (
					"$(inherited)",
					"@executable_path/Frameworks",
					"@executable_path/../../Frameworks",
				);
				PRODUCT_BUNDLE_IDENTIFIER = bh.pray.app.widget;
				SDKROOT = iphoneos;
				SKIP_INSTALL = YES;
				TARGETED_DEVICE_FAMILY = "1,2";
			};
			name = Release;
		};
		72A638B6E95D8FCFC6DFEDCD /* Debug */ = {
			isa = XCBuildConfiguration;
			buildSettings = {
				ASSETCATALOG_COMPILER_APPICON_NAME = AppIcon;
				CODE_SIGN_IDENTITY = "iPhone Developer";
				INFOPLIST_FILE = PrayBHApp/Info.plist;
				LD_RUNPATH_SEARCH_PATHS = (
					"$(inherited)",
					"@executable_path/Frameworks",
				);
				PRODUCT_BUNDLE_IDENTIFIER = bh.pray.app;
				SDKROOT = iphoneos;
				TARGETED_DEVICE_FAMILY = "1,2";
			};
			name = Debug;
		};
		A0F1D24BD80F8DE8631117E2 /* Release */ = {
			isa = XCBuildConfiguration;
			buildSettings = {
				ASSETCATALOG_COMPILER_APPICON_NAME = AppIcon;
				CODE_SIGN_IDENTITY = "iPhone Developer";
				INFOPLIST_FILE = PrayBHApp/Info.plist;
				LD_RUNPATH_SEARCH_PATHS = (
					"$(inherited)",
					"@executable_path/Frameworks",
				);
				PRODUCT_BUNDLE_IDENTIFIER = bh.pray.app;
				SDKROOT = iphoneos;
				TARGETED_DEVICE_FAMILY = "1,2";
			};
			name = Release;
		};
		AC393FFD1ED13454FD16DA62 /* Release */ = {
			isa = XCBuildConfiguration;
			buildSettings = {
				ALWAYS_SEARCH_USER_PATHS = NO;
				CLANG_ANALYZER_NONNULL = YES;
				CLANG_ANALYZER_NUMBER_OBJECT_CONVERSION = YES_AGGRESSIVE;
				CLANG_CXX_LANGUAGE_STANDARD = "gnu++14";
				CLANG_CXX_LIBRARY = "libc++";
				CLANG_ENABLE_MODULES = YES;
				CLANG_ENABLE_OBJC_ARC = YES;
				CLANG_ENABLE_OBJC_WEAK = YES;
				CLANG_WARN_BLOCK_CAPTURE_AUTORELEASING = YES;
				CLANG_WARN_BOOL_CONVERSION = YES;
				CLANG_WARN_COMMA = YES;
				CLANG_WARN_CONSTANT_CONVERSION = YES;
				CLANG_WARN_DEPRECATED_OBJC_IMPLEMENTATIONS = YES;
				CLANG_WARN_DIRECT_OBJC_ISA_USAGE = YES_ERROR;
				CLANG_WARN_DOCUMENTATION_COMMENTS = YES;
				CLANG_WARN_EMPTY_BODY = YES;
				CLANG_WARN_ENUM_CONVERSION = YES;
				CLANG_WARN_INFINITE_RECURSION = YES;
				CLANG_WARN_INT_CONVERSION = YES;
				CLANG_WARN_NON_LITERAL_NULL_CONVERSION = YES;
				CLANG_WARN_OBJC_IMPLICIT_RETAIN_SELF = YES;
				CLANG_WARN_OBJC_LITERAL_CONVERSION = YES;
				CLANG_WARN_OBJC_ROOT_CLASS = YES_ERROR;
				CLANG_WARN_QUOTED_INCLUDE_IN_FRAMEWORK_HEADER = YES;
				CLANG_WARN_RANGE_LOOP_ANALYSIS = YES;
				CLANG_WARN_STRICT_PROTOTYPES = YES;
				CLANG_WARN_SUSPICIOUS_MOVE = YES;
				CLANG_WARN_UNGUARDED_AVAILABILITY = YES_AGGRESSIVE;
				CLANG_WARN_UNREACHABLE_CODE = YES;
				CLANG_WARN__DUPLICATE_METHOD_MATCH = YES;
				CODE_SIGN_STYLE = Automatic;
				COPY_PHASE_STRIP = NO;
				CURRENT_PROJECT_VERSION = 7;
				DEBUG_INFORMATION_FORMAT = "dwarf-with-dsym";
				DEVELOPMENT_TEAM = 88M2R3XJZH;
				ENABLE_NS_ASSERTIONS = NO;
				ENABLE_STRICT_OBJC_MSGSEND = YES;
				GCC_C_LANGUAGE_STANDARD = gnu11;
				GCC_NO_COMMON_BLOCKS = YES;
				GCC_WARN_64_TO_32_BIT_CONVERSION = YES;
				GCC_WARN_ABOUT_RETURN_TYPE = YES_ERROR;
				GCC_WARN_UNDECLARED_SELECTOR = YES;
				GCC_WARN_UNINITIALIZED_AUTOS = YES_AGGRESSIVE;
				GCC_WARN_UNUSED_FUNCTION = YES;
				GCC_WARN_UNUSED_VARIABLE = YES;
				IPHONEOS_DEPLOYMENT_TARGET = 17.0;
				MARKETING_VERSION = 0.1.5;
				MTL_ENABLE_DEBUG_INFO = NO;
				MTL_FAST_MATH = YES;
				PRODUCT_NAME = "$(TARGET_NAME)";
				SDKROOT = iphoneos;
				SWIFT_COMPILATION_MODE = wholemodule;
				SWIFT_OPTIMIZATION_LEVEL = "-O";
				SWIFT_VERSION = 5.0;
			};
			name = Release;
		};
		BD4627FF0DDCBB30432F3C1F /* Debug */ = {
			isa = XCBuildConfiguration;
			buildSettings = {
				ALWAYS_SEARCH_USER_PATHS = NO;
				CLANG_ANALYZER_NONNULL = YES;
				CLANG_ANALYZER_NUMBER_OBJECT_CONVERSION = YES_AGGRESSIVE;
				CLANG_CXX_LANGUAGE_STANDARD = "gnu++14";
				CLANG_CXX_LIBRARY = "libc++";
				CLANG_ENABLE_MODULES = YES;
				CLANG_ENABLE_OBJC_ARC = YES;
				CLANG_ENABLE_OBJC_WEAK = YES;
				CLANG_WARN_BLOCK_CAPTURE_AUTORELEASING = YES;
				CLANG_WARN_BOOL_CONVERSION = YES;
				CLANG_WARN_COMMA = YES;
				CLANG_WARN_CONSTANT_CONVERSION = YES;
				CLANG_WARN_DEPRECATED_OBJC_IMPLEMENTATIONS = YES;
				CLANG_WARN_DIRECT_OBJC_ISA_USAGE = YES_ERROR;
				CLANG_WARN_DOCUMENTATION_COMMENTS = YES;
				CLANG_WARN_EMPTY_BODY = YES;
				CLANG_WARN_ENUM_CONVERSION = YES;
				CLANG_WARN_INFINITE_RECURSION = YES;
				CLANG_WARN_INT_CONVERSION = YES;
				CLANG_WARN_NON_LITERAL_NULL_CONVERSION = YES;
				CLANG_WARN_OBJC_IMPLICIT_RETAIN_SELF = YES;
				CLANG_WARN_OBJC_LITERAL_CONVERSION = YES;
				CLANG_WARN_OBJC_ROOT_CLASS = YES_ERROR;
				CLANG_WARN_QUOTED_INCLUDE_IN_FRAMEWORK_HEADER = YES;
				CLANG_WARN_RANGE_LOOP_ANALYSIS = YES;
				CLANG_WARN_STRICT_PROTOTYPES = YES;
				CLANG_WARN_SUSPICIOUS_MOVE = YES;
				CLANG_WARN_UNGUARDED_AVAILABILITY = YES_AGGRESSIVE;
				CLANG_WARN_UNREACHABLE_CODE = YES;
				CLANG_WARN__DUPLICATE_METHOD_MATCH = YES;
				CODE_SIGN_STYLE = Automatic;
				COPY_PHASE_STRIP = NO;
				CURRENT_PROJECT_VERSION = 7;
				DEBUG_INFORMATION_FORMAT = dwarf;
				DEVELOPMENT_TEAM = 88M2R3XJZH;
				ENABLE_STRICT_OBJC_MSGSEND = YES;
				ENABLE_TESTABILITY = YES;
				GCC_C_LANGUAGE_STANDARD = gnu11;
				GCC_DYNAMIC_NO_PIC = NO;
				GCC_NO_COMMON_BLOCKS = YES;
				GCC_OPTIMIZATION_LEVEL = 0;
				GCC_PREPROCESSOR_DEFINITIONS = (
					"$(inherited)",
					"DEBUG=1",
				);
				GCC_WARN_64_TO_32_BIT_CONVERSION = YES;
				GCC_WARN_ABOUT_RETURN_TYPE = YES_ERROR;
				GCC_WARN_UNDECLARED_SELECTOR = YES;
				GCC_WARN_UNINITIALIZED_AUTOS = YES_AGGRESSIVE;
				GCC_WARN_UNUSED_FUNCTION = YES;
				GCC_WARN_UNUSED_VARIABLE = YES;
				IPHONEOS_DEPLOYMENT_TARGET = 17.0;
				MARKETING_VERSION = 0.1.5;
				MTL_ENABLE_DEBUG_INFO = INCLUDE_SOURCE;
				MTL_FAST_MATH = YES;
				ONLY_ACTIVE_ARCH = YES;
				PRODUCT_NAME = "$(TARGET_NAME)";
				SDKROOT = iphoneos;
				SWIFT_ACTIVE_COMPILATION_CONDITIONS = DEBUG;
				SWIFT_OPTIMIZATION_LEVEL = "-Onone";
				SWIFT_VERSION = 5.0;
			};
			name = Debug;
		};
/* End XCBuildConfiguration section */

/* Begin XCConfigurationList section */
		00ECC27300146CB9707FB109 /* Build configuration list for PBXProject "PrayBH" */ = {
			isa = XCConfigurationList;
			buildConfigurations = (
				BD4627FF0DDCBB30432F3C1F /* Debug */,
				AC393FFD1ED13454FD16DA62 /* Release */,
			);
			defaultConfigurationIsVisible = 0;
			defaultConfigurationName = Debug;
		};
		2C826C16171333E44AE3989B /* Build configuration list for PBXNativeTarget "PrayBHWidgetExtension" */ = {
			isa = XCConfigurationList;
			buildConfigurations = (
				0A168E08F9DB31CB3A7547DB /* Debug */,
				3F5B2950F80AFD645C021773 /* Release */,
			);
			defaultConfigurationIsVisible = 0;
			defaultConfigurationName = Debug;
		};
		8EB867B97914C146A2D6F864 /* Build configuration list for PBXNativeTarget "PrayBH" */ = {
			isa = XCConfigurationList;
			buildConfigurations = (
				72A638B6E95D8FCFC6DFEDCD /* Debug */,
				A0F1D24BD80F8DE8631117E2 /* Release */,
			);
			defaultConfigurationIsVisible = 0;
			defaultConfigurationName = Debug;
		};
/* End XCConfigurationList section */
	};
	rootObject = 9897C5F4B35BF00F77742989 /* Project object */;
}
